
Microsoft Visual Studio Solution File, Format Version 12.00
# Visual Studio Version 17
VisualStudioVersion = 17.0.32112.339
MinimumVisualStudioVersion = 10.0.40219.1
Project("{2150E333-8FDC-42A3-9474-1A3956D46DE8}") = "Services", "Services", "{81EE180A-D1CE-401A-8FCC-9FBAA8320E26}"
EndProject
Project("{2150E333-8FDC-42A3-9474-1A3956D46DE8}") = "Catalog", "Catalog", "{B946C066-D136-4581-A88F-13EBD83FCCC8}"
EndProject
Project("{FAE04EC0-301F-11D3-BF4B-00C04F79EFBC}") = "Catalog.API", "Services\Catalog\Catalog.API\Catalog.API.csproj", "{90BD188F-4BBC-49E4-981D-9BA714C473C2}"
EndProject
Global
	GlobalSection(SolutionConfigurationPlatforms) = preSolution
		Debug|Any CPU = Debug|Any CPU
		Release|Any CPU = Release|Any CPU
	EndGlobalSection
	GlobalSection(ProjectConfigurationPlatforms) = postSolution
		{90BD188F-4BBC-49E4-981D-9BA714C473C2}.Debug|Any CPU.ActiveCfg = Debug|Any CPU
		{90BD188F-4BBC-49E4-981D-9BA714C473C2}.Debug|Any CPU.Build.0 = Debug|Any CPU
		{90BD188F-4BBC-49E4-981D-9BA714C473C2}.Release|Any CPU.ActiveCfg = Release|Any CPU
		{90BD188F-4BBC-49E4-981D-9BA714C473C2}.Release|Any CPU.Build.0 = Release|Any CPU
	EndGlobalSection
	GlobalSection(SolutionProperties) = preSolution
		HideSolutionNode = FALSE
	EndGlobalSection
	GlobalSection(NestedProjects) = preSolution
		{B946C066-D136-4581-A88F-13EBD83FCCC8} = {81EE180A-D1CE-401A-8FCC-9FBAA8320E26}
		{90BD188F-4BBC-49E4-981D-9BA714C473C2} = {B946C066-D136-4581-A88F-13EBD83FCCC8}
	EndGlobalSection
	GlobalSection(ExtensibilityGlobals) = postSolution
		SolutionGuid = {A5C2B56C-8B4A-4898-9052-2C936AB0D7CB}
	EndGlobalSection
EndGlobal
