
Microsoft Visual Studio Solution File, Format Version 12.00
# Visual Studio Version 17
VisualStudioVersion = 17.0.32112.339
MinimumVisualStudioVersion = 10.0.40219.1
Project("{2150E333-8FDC-42A3-9474-1A3956D46DE8}") = "Services", "Services", "{81EE180A-D1CE-401A-8FCC-9FBAA8320E26}"
EndProject
Project("{2150E333-8FDC-42A3-9474-1A3956D46DE8}") = "Catalog", "Catalog", "{B946C066-D136-4581-A88F-13EBD83FCCC8}"
EndProject
Project("{9A19103F-16F7-4668-BE54-9A1E7A4F7556}") = "Catalog.API", "Services\Catalog\Catalog.API\Catalog.API.csproj", "{90BD188F-4BBC-49E4-981D-9BA714C473C2}"
EndProject
Project("{E53339B2-1760-4266-BCC7-CA923CBCF16C}") = "docker-compose", "docker-compose.dcproj", "{8B04144C-FBEB-4847-BFF5-A94566FE20A2}"
EndProject
Project("{2150E333-8FDC-42A3-9474-1A3956D46DE8}") = "Discount", "Discount", "{47BB5E86-D140-484A-AD99-0423EA3A6DD5}"
EndProject
Project("{9A19103F-16F7-4668-BE54-9A1E7A4F7556}") = "Discount.API", "Services\Discount\Discount.API\Discount.API.csproj", "{BAD33562-334A-4DB2-AC27-E7A31B1876D6}"
EndProject
Project("{9A19103F-16F7-4668-BE54-9A1E7A4F7556}") = "Discount.Grpc", "Services\Discount\Discount.Grpc\Discount.Grpc.csproj", "{6A1F5588-1360-421E-BD6C-6F526A641E18}"
EndProject
Project("{2150E333-8FDC-42A3-9474-1A3956D46DE8}") = "Basket", "Basket", "{8C3A0DEF-6E65-47FF-B447-CFEC53BABF1F}"
EndProject
Project("{FAE04EC0-301F-11D3-BF4B-00C04F79EFBC}") = "Basket.API", "Services\Basket\Basket.API\Basket.API.csproj", "{CF862B3F-DE18-4596-BD2A-D2E5B293E188}"
EndProject
Global
	GlobalSection(SolutionConfigurationPlatforms) = preSolution
		Debug|Any CPU = Debug|Any CPU
		Release|Any CPU = Release|Any CPU
	EndGlobalSection
	GlobalSection(ProjectConfigurationPlatforms) = postSolution
		{90BD188F-4BBC-49E4-981D-9BA714C473C2}.Debug|Any CPU.ActiveCfg = Debug|Any CPU
		{90BD188F-4BBC-49E4-981D-9BA714C473C2}.Debug|Any CPU.Build.0 = Debug|Any CPU
		{90BD188F-4BBC-49E4-981D-9BA714C473C2}.Release|Any CPU.ActiveCfg = Release|Any CPU
		{90BD188F-4BBC-49E4-981D-9BA714C473C2}.Release|Any CPU.Build.0 = Release|Any CPU
		{8B04144C-FBEB-4847-BFF5-A94566FE20A2}.Debug|Any CPU.ActiveCfg = Debug|Any CPU
		{8B04144C-FBEB-4847-BFF5-A94566FE20A2}.Debug|Any CPU.Build.0 = Debug|Any CPU
		{8B04144C-FBEB-4847-BFF5-A94566FE20A2}.Release|Any CPU.ActiveCfg = Release|Any CPU
		{8B04144C-FBEB-4847-BFF5-A94566FE20A2}.Release|Any CPU.Build.0 = Release|Any CPU
		{BAD33562-334A-4DB2-AC27-E7A31B1876D6}.Debug|Any CPU.ActiveCfg = Debug|Any CPU
		{BAD33562-334A-4DB2-AC27-E7A31B1876D6}.Debug|Any CPU.Build.0 = Debug|Any CPU
		{BAD33562-334A-4DB2-AC27-E7A31B1876D6}.Release|Any CPU.ActiveCfg = Release|Any CPU
		{BAD33562-334A-4DB2-AC27-E7A31B1876D6}.Release|Any CPU.Build.0 = Release|Any CPU
		{6A1F5588-1360-421E-BD6C-6F526A641E18}.Debug|Any CPU.ActiveCfg = Debug|Any CPU
		{6A1F5588-1360-421E-BD6C-6F526A641E18}.Debug|Any CPU.Build.0 = Debug|Any CPU
		{6A1F5588-1360-421E-BD6C-6F526A641E18}.Release|Any CPU.ActiveCfg = Release|Any CPU
		{6A1F5588-1360-421E-BD6C-6F526A641E18}.Release|Any CPU.Build.0 = Release|Any CPU
		{CF862B3F-DE18-4596-BD2A-D2E5B293E188}.Debug|Any CPU.ActiveCfg = Debug|Any CPU
		{CF862B3F-DE18-4596-BD2A-D2E5B293E188}.Debug|Any CPU.Build.0 = Debug|Any CPU
		{CF862B3F-DE18-4596-BD2A-D2E5B293E188}.Release|Any CPU.ActiveCfg = Release|Any CPU
		{CF862B3F-DE18-4596-BD2A-D2E5B293E188}.Release|Any CPU.Build.0 = Release|Any CPU
	EndGlobalSection
	GlobalSection(SolutionProperties) = preSolution
		HideSolutionNode = FALSE
	EndGlobalSection
	GlobalSection(NestedProjects) = preSolution
		{B946C066-D136-4581-A88F-13EBD83FCCC8} = {81EE180A-D1CE-401A-8FCC-9FBAA8320E26}
		{90BD188F-4BBC-49E4-981D-9BA714C473C2} = {B946C066-D136-4581-A88F-13EBD83FCCC8}
		{47BB5E86-D140-484A-AD99-0423EA3A6DD5} = {81EE180A-D1CE-401A-8FCC-9FBAA8320E26}
		{BAD33562-334A-4DB2-AC27-E7A31B1876D6} = {47BB5E86-D140-484A-AD99-0423EA3A6DD5}
		{6A1F5588-1360-421E-BD6C-6F526A641E18} = {47BB5E86-D140-484A-AD99-0423EA3A6DD5}
		{8C3A0DEF-6E65-47FF-B447-CFEC53BABF1F} = {81EE180A-D1CE-401A-8FCC-9FBAA8320E26}
		{CF862B3F-DE18-4596-BD2A-D2E5B293E188} = {8C3A0DEF-6E65-47FF-B447-CFEC53BABF1F}
	EndGlobalSection
	GlobalSection(ExtensibilityGlobals) = postSolution
		SolutionGuid = {A5C2B56C-8B4A-4898-9052-2C936AB0D7CB}
	EndGlobalSection
EndGlobal
